
Microsoft Visual Studio Solution File, Format Version 12.00
# Visual Studio Version 17
VisualStudioVersion = 17.5.33530.505
MinimumVisualStudioVersion = 10.0.40219.1
Project("{FAE04EC0-301F-11D3-BF4B-00C04F79EFBC}") = "DemoEFCoreMVC-F", "DemoEFCoreMVC-F\DemoEFCoreMVC-F.csproj", "{8216ECA8-3C83-4CA4-AE6D-FC7B2A183449}"
EndProject
Global
	GlobalSection(SolutionConfigurationPlatforms) = preSolution
		Debug|Any CPU = Debug|Any CPU
		Release|Any CPU = Release|Any CPU
	EndGlobalSection
	GlobalSection(ProjectConfigurationPlatforms) = postSolution
		{8216ECA8-3C83-4CA4-AE6D-FC7B2A183449}.Debug|Any CPU.ActiveCfg = Debug|Any CPU
		{8216ECA8-3C83-4CA4-AE6D-FC7B2A183449}.Debug|Any CPU.Build.0 = Debug|Any CPU
		{8216ECA8-3C83-4CA4-AE6D-FC7B2A183449}.Release|Any CPU.ActiveCfg = Release|Any CPU
		{8216ECA8-3C83-4CA4-AE6D-FC7B2A183449}.Release|Any CPU.Build.0 = Release|Any CPU
	EndGlobalSection
	GlobalSection(SolutionProperties) = preSolution
		HideSolutionNode = FALSE
	EndGlobalSection
	GlobalSection(ExtensibilityGlobals) = postSolution
		SolutionGuid = {29FA8924-F8AB-417C-9D43-2F4638B1A665}
	EndGlobalSection
EndGlobal
